// !$*UTF8*$!
{
	archiveVersion = 1;
	classes = {
	};
	objectVersion = 50;
	objects = {

/* Begin PBXBuildFile section */
		B602E0BA262C8C830080F4F0 /* SweaterWeatherApp.swift in Sources */ = {isa = PBXBuildFile; fileRef = B602E0B9262C8C830080F4F0 /* SweaterWeatherApp.swift */; };
		B602E0BC262C8C830080F4F0 /* ContentView.swift in Sources */ = {isa = PBXBuildFile; fileRef = B602E0BB262C8C830080F4F0 /* ContentView.swift */; };
		B602E0BE262C8C870080F4F0 /* Assets.xcassets in Resources */ = {isa = PBXBuildFile; fileRef = B602E0BD262C8C870080F4F0 /* Assets.xcassets */; };
		B602E0C1262C8C870080F4F0 /* Preview Assets.xcassets in Resources */ = {isa = PBXBuildFile; fileRef = B602E0C0262C8C870080F4F0 /* Preview Assets.xcassets */; };
		B61CC74D2638BE1D00215015 /* Credentials.swift in Sources */ = {isa = PBXBuildFile; fileRef = B61CC74C2638BE1D00215015 /* Credentials.swift */; };
		B61CC74F2638C41E00215015 /* LocationManager.swift in Sources */ = {isa = PBXBuildFile; fileRef = B61CC74E2638C41E00215015 /* LocationManager.swift */; };
		B63419B3262CEC45000F4BB5 /* ServerUtils.swift in Sources */ = {isa = PBXBuildFile; fileRef = B63419B2262CEC45000F4BB5 /* ServerUtils.swift */; };
		B69F03742645BCF900D3C041 /* Settings.swift in Sources */ = {isa = PBXBuildFile; fileRef = B69F03732645BCF900D3C041 /* Settings.swift */; };
		B6ED2660263A0F76005FEA5C /* SweaterFunctions.swift in Sources */ = {isa = PBXBuildFile; fileRef = B6ED265F263A0F76005FEA5C /* SweaterFunctions.swift */; };
		B6ED2662263A1B31005FEA5C /* ActivityIndicatorView.swift in Sources */ = {isa = PBXBuildFile; fileRef = B6ED2661263A1B30005FEA5C /* ActivityIndicatorView.swift */; };
		B6ED2668263A1B93005FEA5C /* ArcsIndicatorView.swift in Sources */ = {isa = PBXBuildFile; fileRef = B6ED2667263A1B93005FEA5C /* ArcsIndicatorView.swift */; };
		B6FABD4C263E05BE008B89F5 /* CircleProgress.swift in Sources */ = {isa = PBXBuildFile; fileRef = B6FABD4B263E05BE008B89F5 /* CircleProgress.swift */; };
/* End PBXBuildFile section */

/* Begin PBXFileReference section */
		B602E0B6262C8C830080F4F0 /* SweaterWeather.app */ = {isa = PBXFileReference; explicitFileType = wrapper.application; includeInIndex = 0; path = SweaterWeather.app; sourceTree = BUILT_PRODUCTS_DIR; };
		B602E0B9262C8C830080F4F0 /* SweaterWeatherApp.swift */ = {isa = PBXFileReference; lastKnownFileType = sourcecode.swift; path = SweaterWeatherApp.swift; sourceTree = "<group>"; };
		B602E0BB262C8C830080F4F0 /* ContentView.swift */ = {isa = PBXFileReference; lastKnownFileType = sourcecode.swift; path = ContentView.swift; sourceTree = "<group>"; };
		B602E0BD262C8C870080F4F0 /* Assets.xcassets */ = {isa = PBXFileReference; lastKnownFileType = folder.assetcatalog; path = Assets.xcassets; sourceTree = "<group>"; };
		B602E0C0262C8C870080F4F0 /* Preview Assets.xcassets */ = {isa = PBXFileReference; lastKnownFileType = folder.assetcatalog; path = "Preview Assets.xcassets"; sourceTree = "<group>"; };
		B602E0C2262C8C870080F4F0 /* Info.plist */ = {isa = PBXFileReference; lastKnownFileType = text.plist.xml; path = Info.plist; sourceTree = "<group>"; };
		B61CC74C2638BE1D00215015 /* Credentials.swift */ = {isa = PBXFileReference; lastKnownFileType = sourcecode.swift; path = Credentials.swift; sourceTree = "<group>"; };
		B61CC74E2638C41E00215015 /* LocationManager.swift */ = {isa = PBXFileReference; lastKnownFileType = sourcecode.swift; path = LocationManager.swift; sourceTree = "<group>"; };
		B63419B2262CEC45000F4BB5 /* ServerUtils.swift */ = {isa = PBXFileReference; lastKnownFileType = sourcecode.swift; path = ServerUtils.swift; sourceTree = "<group>"; };
		B69F03732645BCF900D3C041 /* Settings.swift */ = {isa = PBXFileReference; lastKnownFileType = sourcecode.swift; path = Settings.swift; sourceTree = "<group>"; };
		B6ED265F263A0F76005FEA5C /* SweaterFunctions.swift */ = {isa = PBXFileReference; lastKnownFileType = sourcecode.swift; path = SweaterFunctions.swift; sourceTree = "<group>"; };
		B6ED2661263A1B30005FEA5C /* ActivityIndicatorView.swift */ = {isa = PBXFileReference; fileEncoding = 4; lastKnownFileType = sourcecode.swift; path = ActivityIndicatorView.swift; sourceTree = "<group>"; };
		B6ED2667263A1B93005FEA5C /* ArcsIndicatorView.swift */ = {isa = PBXFileReference; lastKnownFileType = sourcecode.swift; path = ArcsIndicatorView.swift; sourceTree = "<group>"; };
		B6FABD4B263E05BE008B89F5 /* CircleProgress.swift */ = {isa = PBXFileReference; lastKnownFileType = sourcecode.swift; path = CircleProgress.swift; sourceTree = "<group>"; };
/* End PBXFileReference section */

/* Begin PBXFrameworksBuildPhase section */
		B602E0B3262C8C830080F4F0 /* Frameworks */ = {
			isa = PBXFrameworksBuildPhase;
			buildActionMask = 2147483647;
			files = (
			);
			runOnlyForDeploymentPostprocessing = 0;
		};
/* End PBXFrameworksBuildPhase section */

/* Begin PBXGroup section */
		B602E0AD262C8C830080F4F0 = {
			isa = PBXGroup;
			children = (
				B602E0B8262C8C830080F4F0 /* SweaterWeather */,
				B602E0B7262C8C830080F4F0 /* Products */,
			);
			sourceTree = "<group>";
		};
		B602E0B7262C8C830080F4F0 /* Products */ = {
			isa = PBXGroup;
			children = (
				B602E0B6262C8C830080F4F0 /* SweaterWeather.app */,
			);
			name = Products;
			sourceTree = "<group>";
		};
		B602E0B8262C8C830080F4F0 /* SweaterWeather */ = {
			isa = PBXGroup;
			children = (
				B602E0B9262C8C830080F4F0 /* SweaterWeatherApp.swift */,
				B602E0BB262C8C830080F4F0 /* ContentView.swift */,
				B69F03732645BCF900D3C041 /* Settings.swift */,
				B602E0BD262C8C870080F4F0 /* Assets.xcassets */,
				B602E0C2262C8C870080F4F0 /* Info.plist */,
				B602E0BF262C8C870080F4F0 /* Preview Content */,
				B63419B2262CEC45000F4BB5 /* ServerUtils.swift */,
				B61CC74C2638BE1D00215015 /* Credentials.swift */,
				B61CC74E2638C41E00215015 /* LocationManager.swift */,
				B6ED2661263A1B30005FEA5C /* ActivityIndicatorView.swift */,
				B6ED2667263A1B93005FEA5C /* ArcsIndicatorView.swift */,
				B6ED265F263A0F76005FEA5C /* SweaterFunctions.swift */,
				B6FABD4B263E05BE008B89F5 /* CircleProgress.swift */,
			);
			path = SweaterWeather;
			sourceTree = "<group>";
		};
		B602E0BF262C8C870080F4F0 /* Preview Content */ = {
			isa = PBXGroup;
			children = (
				B602E0C0262C8C870080F4F0 /* Preview Assets.xcassets */,
			);
			path = "Preview Content";
			sourceTree = "<group>";
		};
/* End PBXGroup section */

/* Begin PBXNativeTarget section */
		B602E0B5262C8C830080F4F0 /* SweaterWeather */ = {
			isa = PBXNativeTarget;
			buildConfigurationList = B602E0C5262C8C870080F4F0 /* Build configuration list for PBXNativeTarget "SweaterWeather" */;
			buildPhases = (
				B602E0B2262C8C830080F4F0 /* Sources */,
				B602E0B3262C8C830080F4F0 /* Frameworks */,
				B602E0B4262C8C830080F4F0 /* Resources */,
			);
			buildRules = (
			);
			dependencies = (
			);
			name = SweaterWeather;
			productName = SweaterWeather;
			productReference = B602E0B6262C8C830080F4F0 /* SweaterWeather.app */;
			productType = "com.apple.product-type.application";
		};
/* End PBXNativeTarget section */

/* Begin PBXProject section */
		B602E0AE262C8C830080F4F0 /* Project object */ = {
			isa = PBXProject;
			attributes = {
				LastSwiftUpdateCheck = 1240;
				LastUpgradeCheck = 1240;
				TargetAttributes = {
					B602E0B5262C8C830080F4F0 = {
						CreatedOnToolsVersion = 12.4;
					};
				};
			};
			buildConfigurationList = B602E0B1262C8C830080F4F0 /* Build configuration list for PBXProject "SweaterWeather" */;
			compatibilityVersion = "Xcode 9.3";
			developmentRegion = en;
			hasScannedForEncodings = 0;
			knownRegions = (
				en,
				Base,
			);
			mainGroup = B602E0AD262C8C830080F4F0;
			productRefGroup = B602E0B7262C8C830080F4F0 /* Products */;
			projectDirPath = "";
			projectRoot = "";
			targets = (
				B602E0B5262C8C830080F4F0 /* SweaterWeather */,
			);
		};
/* End PBXProject section */

/* Begin PBXResourcesBuildPhase section */
		B602E0B4262C8C830080F4F0 /* Resources */ = {
			isa = PBXResourcesBuildPhase;
			buildActionMask = 2147483647;
			files = (
				B602E0C1262C8C870080F4F0 /* Preview Assets.xcassets in Resources */,
				B602E0BE262C8C870080F4F0 /* Assets.xcassets in Resources */,
			);
			runOnlyForDeploymentPostprocessing = 0;
		};
/* End PBXResourcesBuildPhase section */

/* Begin PBXSourcesBuildPhase section */
		B602E0B2262C8C830080F4F0 /* Sources */ = {
			isa = PBXSourcesBuildPhase;
			buildActionMask = 2147483647;
			files = (
				B602E0BC262C8C830080F4F0 /* ContentView.swift in Sources */,
				B602E0BA262C8C830080F4F0 /* SweaterWeatherApp.swift in Sources */,
				B61CC74F2638C41E00215015 /* LocationManager.swift in Sources */,
				B6ED2668263A1B93005FEA5C /* ArcsIndicatorView.swift in Sources */,
				B69F03742645BCF900D3C041 /* Settings.swift in Sources */,
				B6ED2660263A0F76005FEA5C /* SweaterFunctions.swift in Sources */,
				B6FABD4C263E05BE008B89F5 /* CircleProgress.swift in Sources */,
				B63419B3262CEC45000F4BB5 /* ServerUtils.swift in Sources */,
				B61CC74D2638BE1D00215015 /* Credentials.swift in Sources */,
				B6ED2662263A1B31005FEA5C /* ActivityIndicatorView.swift in Sources */,
			);
			runOnlyForDeploymentPostprocessing = 0;
		};
/* End PBXSourcesBuildPhase section */

/* Begin XCBuildConfiguration section */
		B602E0C3262C8C870080F4F0 /* Debug */ = {
			isa = XCBuildConfiguration;
			buildSettings = {
				ALWAYS_SEARCH_USER_PATHS = NO;
				CLANG_ANALYZER_NONNULL = YES;
				CLANG_ANALYZER_NUMBER_OBJECT_CONVERSION = YES_AGGRESSIVE;
				CLANG_CXX_LANGUAGE_STANDARD = "gnu++14";
				CLANG_CXX_LIBRARY = "libc++";
				CLANG_ENABLE_MODULES = YES;
				CLANG_ENABLE_OBJC_ARC = YES;
				CLANG_ENABLE_OBJC_WEAK = YES;
				CLANG_WARN_BLOCK_CAPTURE_AUTORELEASING = YES;
				CLANG_WARN_BOOL_CONVERSION = YES;
				CLANG_WARN_COMMA = YES;
				CLANG_WARN_CONSTANT_CONVERSION = YES;
				CLANG_WARN_DEPRECATED_OBJC_IMPLEMENTATIONS = YES;
				CLANG_WARN_DIRECT_OBJC_ISA_USAGE = YES_ERROR;
				CLANG_WARN_DOCUMENTATION_COMMENTS = YES;
				CLANG_WARN_EMPTY_BODY = YES;
				CLANG_WARN_ENUM_CONVERSION = YES;
				CLANG_WARN_INFINITE_RECURSION = YES;
				CLANG_WARN_INT_CONVERSION = YES;
				CLANG_WARN_NON_LITERAL_NULL_CONVERSION = YES;
				CLANG_WARN_OBJC_IMPLICIT_RETAIN_SELF = YES;
				CLANG_WARN_OBJC_LITERAL_CONVERSION = YES;
				CLANG_WARN_OBJC_ROOT_CLASS = YES_ERROR;
				CLANG_WARN_QUOTED_INCLUDE_IN_FRAMEWORK_HEADER = YES;
				CLANG_WARN_RANGE_LOOP_ANALYSIS = YES;
				CLANG_WARN_STRICT_PROTOTYPES = YES;
				CLANG_WARN_SUSPICIOUS_MOVE = YES;
				CLANG_WARN_UNGUARDED_AVAILABILITY = YES_AGGRESSIVE;
				CLANG_WARN_UNREACHABLE_CODE = YES;
				CLANG_WARN__DUPLICATE_METHOD_MATCH = YES;
				COPY_PHASE_STRIP = NO;
				DEBUG_INFORMATION_FORMAT = dwarf;
				ENABLE_STRICT_OBJC_MSGSEND = YES;
				ENABLE_TESTABILITY = YES;
				GCC_C_LANGUAGE_STANDARD = gnu11;
				GCC_DYNAMIC_NO_PIC = NO;
				GCC_NO_COMMON_BLOCKS = YES;
				GCC_OPTIMIZATION_LEVEL = 0;
				GCC_PREPROCESSOR_DEFINITIONS = (
					"DEBUG=1",
					"$(inherited)",
				);
				GCC_WARN_64_TO_32_BIT_CONVERSION = YES;
				GCC_WARN_ABOUT_RETURN_TYPE = YES_ERROR;
				GCC_WARN_UNDECLARED_SELECTOR = YES;
				GCC_WARN_UNINITIALIZED_AUTOS = YES_AGGRESSIVE;
				GCC_WARN_UNUSED_FUNCTION = YES;
				GCC_WARN_UNUSED_VARIABLE = YES;
				IPHONEOS_DEPLOYMENT_TARGET = 14.4;
				MTL_ENABLE_DEBUG_INFO = INCLUDE_SOURCE;
				MTL_FAST_MATH = YES;
				ONLY_ACTIVE_ARCH = YES;
				SDKROOT = iphoneos;
				SWIFT_ACTIVE_COMPILATION_CONDITIONS = DEBUG;
				SWIFT_OPTIMIZATION_LEVEL = "-Onone";
			};
			name = Debug;
		};
		B602E0C4262C8C870080F4F0 /* Release */ = {
			isa = XCBuildConfiguration;
			buildSettings = {
				ALWAYS_SEARCH_USER_PATHS = NO;
				CLANG_ANALYZER_NONNULL = YES;
				CLANG_ANALYZER_NUMBER_OBJECT_CONVERSION = YES_AGGRESSIVE;
				CLANG_CXX_LANGUAGE_STANDARD = "gnu++14";
				CLANG_CXX_LIBRARY = "libc++";
				CLANG_ENABLE_MODULES = YES;
				CLANG_ENABLE_OBJC_ARC = YES;
				CLANG_ENABLE_OBJC_WEAK = YES;
				CLANG_WARN_BLOCK_CAPTURE_AUTORELEASING = YES;
				CLANG_WARN_BOOL_CONVERSION = YES;
				CLANG_WARN_COMMA = YES;
				CLANG_WARN_CONSTANT_CONVERSION = YES;
				CLANG_WARN_DEPRECATED_OBJC_IMPLEMENTATIONS = YES;
				CLANG_WARN_DIRECT_OBJC_ISA_USAGE = YES_ERROR;
				CLANG_WARN_DOCUMENTATION_COMMENTS = YES;
				CLANG_WARN_EMPTY_BODY = YES;
				CLANG_WARN_ENUM_CONVERSION = YES;
				CLANG_WARN_INFINITE_RECURSION = YES;
				CLANG_WARN_INT_CONVERSION = YES;
				CLANG_WARN_NON_LITERAL_NULL_CONVERSION = YES;
				CLANG_WARN_OBJC_IMPLICIT_RETAIN_SELF = YES;
				CLANG_WARN_OBJC_LITERAL_CONVERSION = YES;
				CLANG_WARN_OBJC_ROOT_CLASS = YES_ERROR;
				CLANG_WARN_QUOTED_INCLUDE_IN_FRAMEWORK_HEADER = YES;
				CLANG_WARN_RANGE_LOOP_ANALYSIS = YES;
				CLANG_WARN_STRICT_PROTOTYPES = YES;
				CLANG_WARN_SUSPICIOUS_MOVE = YES;
				CLANG_WARN_UNGUARDED_AVAILABILITY = YES_AGGRESSIVE;
				CLANG_WARN_UNREACHABLE_CODE = YES;
				CLANG_WARN__DUPLICATE_METHOD_MATCH = YES;
				COPY_PHASE_STRIP = NO;
				DEBUG_INFORMATION_FORMAT = "dwarf-with-dsym";
				ENABLE_NS_ASSERTIONS = NO;
				ENABLE_STRICT_OBJC_MSGSEND = YES;
				GCC_C_LANGUAGE_STANDARD = gnu11;
				GCC_NO_COMMON_BLOCKS = YES;
				GCC_WARN_64_TO_32_BIT_CONVERSION = YES;
				GCC_WARN_ABOUT_RETURN_TYPE = YES_ERROR;
				GCC_WARN_UNDECLARED_SELECTOR = YES;
				GCC_WARN_UNINITIALIZED_AUTOS = YES_AGGRESSIVE;
				GCC_WARN_UNUSED_FUNCTION = YES;
				GCC_WARN_UNUSED_VARIABLE = YES;
				IPHONEOS_DEPLOYMENT_TARGET = 14.4;
				MTL_ENABLE_DEBUG_INFO = NO;
				MTL_FAST_MATH = YES;
				SDKROOT = iphoneos;
				SWIFT_COMPILATION_MODE = wholemodule;
				SWIFT_OPTIMIZATION_LEVEL = "-O";
				VALIDATE_PRODUCT = YES;
			};
			name = Release;
		};
		B602E0C6262C8C870080F4F0 /* Debug */ = {
			isa = XCBuildConfiguration;
			buildSettings = {
				ASSETCATALOG_COMPILER_APPICON_NAME = AppIcon;
				ASSETCATALOG_COMPILER_GLOBAL_ACCENT_COLOR_NAME = AccentColor;
				CODE_SIGN_STYLE = Automatic;
				DEVELOPMENT_ASSET_PATHS = "\"SweaterWeather/Preview Content\"";
				DEVELOPMENT_TEAM = QNG49J45ZU;
				ENABLE_PREVIEWS = YES;
				INFOPLIST_FILE = SweaterWeather/Info.plist;
				IPHONEOS_DEPLOYMENT_TARGET = 14.5;
				LD_RUNPATH_SEARCH_PATHS = (
					"$(inherited)",
					"@executable_path/Frameworks",
				);
				PRODUCT_BUNDLE_IDENTIFIER = Valine.SweaterWeather;
				PRODUCT_NAME = "$(TARGET_NAME)";
				SWIFT_VERSION = 5.0;
				TARGETED_DEVICE_FAMILY = "1,2";
			};
			name = Debug;
		};
		B602E0C7262C8C870080F4F0 /* Release */ = {
			isa = XCBuildConfiguration;
			buildSettings = {
				ASSETCATALOG_COMPILER_APPICON_NAME = AppIcon;
				ASSETCATALOG_COMPILER_GLOBAL_ACCENT_COLOR_NAME = AccentColor;
				CODE_SIGN_STYLE = Automatic;
				DEVELOPMENT_ASSET_PATHS = "\"SweaterWeather/Preview Content\"";
				DEVELOPMENT_TEAM = QNG49J45ZU;
				ENABLE_PREVIEWS = YES;
				INFOPLIST_FILE = SweaterWeather/Info.plist;
				IPHONEOS_DEPLOYMENT_TARGET = 14.5;
				LD_RUNPATH_SEARCH_PATHS = (
					"$(inherited)",
					"@executable_path/Frameworks",
				);
				PRODUCT_BUNDLE_IDENTIFIER = Valine.SweaterWeather;
				PRODUCT_NAME = "$(TARGET_NAME)";
				SWIFT_VERSION = 5.0;
				TARGETED_DEVICE_FAMILY = "1,2";
			};
			name = Release;
		};
/* End XCBuildConfiguration section */

/* Begin XCConfigurationList section */
		B602E0B1262C8C830080F4F0 /* Build configuration list for PBXProject "SweaterWeather" */ = {
			isa = XCConfigurationList;
			buildConfigurations = (
				B602E0C3262C8C870080F4F0 /* Debug */,
				B602E0C4262C8C870080F4F0 /* Release */,
			);
			defaultConfigurationIsVisible = 0;
			defaultConfigurationName = Release;
		};
		B602E0C5262C8C870080F4F0 /* Build configuration list for PBXNativeTarget "SweaterWeather" */ = {
			isa = XCConfigurationList;
			buildConfigurations = (
				B602E0C6262C8C870080F4F0 /* Debug */,
				B602E0C7262C8C870080F4F0 /* Release */,
			);
			defaultConfigurationIsVisible = 0;
			defaultConfigurationName = Release;
		};
/* End XCConfigurationList section */
	};
	rootObject = B602E0AE262C8C830080F4F0 /* Project object */;
}
